{
  "name": "@variant/podcast",
  "version": "1.0.0",
  "lockfileVersion": 1,
  "requires": true,
  "dependencies": {
    "bluebird": {
      "version": "3.7.1",
      "resolved": "https://registry.npmjs.org/bluebird/-/bluebird-3.7.1.tgz",
      "integrity": "sha512-DdmyoGCleJnkbp3nkbxTLJ18rjDsE4yCggEwKNXkeV123sPNfOCYeDoeuOY+F2FrSjO1YXcTU+dsy96KMy+gcg=="
    },
    "bluebird-co": {
      "version": "2.2.0",
      "resolved": "https://registry.npmjs.org/bluebird-co/-/bluebird-co-2.2.0.tgz",
      "integrity": "sha1-4KSeY7axfjTJH0izk0t2mjd/vtc="
    },
    "jstoxml": {
      "version": "1.6.0",
      "resolved": "https://registry.npmjs.org/jstoxml/-/jstoxml-1.6.0.tgz",
      "integrity": "sha512-vIq/Q1ats3TpMaqR6IhqFDRpMGLypCWsekHvsPGQhnkcicJZdpnPRLMFqXoefqajNsOQIv8RvW9U8WRj6M7bHQ=="
    },
    "mp3-duration": {
      "version": "1.1.0",
      "resolved": "https://registry.npmjs.org/mp3-duration/-/mp3-duration-1.1.0.tgz",
      "integrity": "sha1-wALk5FREgGCHNmCrtNp9EBGNDpw=",
      "requires": {
        "bluebird": "^3.5.1",
        "bluebird-co": "^2.2.0"
      }
    }
  }
}
