{
  "name": "@variant/podcast",
  "version": "1.0.0",
  "lockfileVersion": 2,
  "requires": true,
  "packages": {
    "": {
      "name": "@variant/podcast",
      "version": "1.0.0",
      "license": "UNLICENSED",
      "dependencies": {
        "jstoxml": "^1.6.0",
        "mp3-duration": "^1.1.0"
      }
    },
    "node_modules/bluebird": {
      "version": "3.7.1",
      "resolved": "https://registry.npmjs.org/bluebird/-/bluebird-3.7.1.tgz",
      "integrity": "sha512-DdmyoGCleJnkbp3nkbxTLJ18rjDsE4yCggEwKNXkeV123sPNfOCYeDoeuOY+F2FrSjO1YXcTU+dsy96KMy+gcg=="
    },
    "node_modules/bluebird-co": {
      "version": "2.2.0",
      "resolved": "https://registry.npmjs.org/bluebird-co/-/bluebird-co-2.2.0.tgz",
      "integrity": "sha1-4KSeY7axfjTJH0izk0t2mjd/vtc="
    },
    "node_modules/jstoxml": {
      "version": "1.6.0",
      "resolved": "https://registry.npmjs.org/jstoxml/-/jstoxml-1.6.0.tgz",
      "integrity": "sha512-vIq/Q1ats3TpMaqR6IhqFDRpMGLypCWsekHvsPGQhnkcicJZdpnPRLMFqXoefqajNsOQIv8RvW9U8WRj6M7bHQ=="
    },
    "node_modules/mp3-duration": {
      "version": "1.1.0",
      "resolved": "https://registry.npmjs.org/mp3-duration/-/mp3-duration-1.1.0.tgz",
      "integrity": "sha1-wALk5FREgGCHNmCrtNp9EBGNDpw=",
      "dependencies": {
        "bluebird": "^3.5.1",
        "bluebird-co": "^2.2.0"
      },
      "engines": {
        "node": ">=0.11.0"
      }
    }
  },
  "dependencies": {
    "bluebird": {
      "version": "3.7.1",
      "resolved": "https://registry.npmjs.org/bluebird/-/bluebird-3.7.1.tgz",
      "integrity": "sha512-DdmyoGCleJnkbp3nkbxTLJ18rjDsE4yCggEwKNXkeV123sPNfOCYeDoeuOY+F2FrSjO1YXcTU+dsy96KMy+gcg=="
    },
    "bluebird-co": {
      "version": "2.2.0",
      "resolved": "https://registry.npmjs.org/bluebird-co/-/bluebird-co-2.2.0.tgz",
      "integrity": "sha1-4KSeY7axfjTJH0izk0t2mjd/vtc="
    },
    "jstoxml": {
      "version": "1.6.0",
      "resolved": "https://registry.npmjs.org/jstoxml/-/jstoxml-1.6.0.tgz",
      "integrity": "sha512-vIq/Q1ats3TpMaqR6IhqFDRpMGLypCWsekHvsPGQhnkcicJZdpnPRLMFqXoefqajNsOQIv8RvW9U8WRj6M7bHQ=="
    },
    "mp3-duration": {
      "version": "1.1.0",
      "resolved": "https://registry.npmjs.org/mp3-duration/-/mp3-duration-1.1.0.tgz",
      "integrity": "sha1-wALk5FREgGCHNmCrtNp9EBGNDpw=",
      "requires": {
        "bluebird": "^3.5.1",
        "bluebird-co": "^2.2.0"
      }
    }
  }
}
